// !$*UTF8*$!
{
	archiveVersion = 1;
	classes = {
	};
	objectVersion = 56;
	objects = {

/* Begin PBXBuildFile section */
		5C72C2F42C0F311400005914 /* Dice_SwiftUIApp.swift in Sources */ = {isa = PBXBuildFile; fileRef = 5C72C2F32C0F311400005914 /* Dice_SwiftUIApp.swift */; };
		5C72C2F62C0F311400005914 /* ContentView.swift in Sources */ = {isa = PBXBuildFile; fileRef = 5C72C2F52C0F311400005914 /* ContentView.swift */; };
		5C72C2F82C0F311600005914 /* Assets.xcassets in Resources */ = {isa = PBXBuildFile; fileRef = 5C72C2F72C0F311600005914 /* Assets.xcassets */; };
		5C72C2FB2C0F311600005914 /* Preview Assets.xcassets in Resources */ = {isa = PBXBuildFile; fileRef = 5C72C2FA2C0F311600005914 /* Preview Assets.xcassets */; };
		5C72C3052C0F311600005914 /* Dice_SwiftUITests.swift in Sources */ = {isa = PBXBuildFile; fileRef = 5C72C3042C0F311600005914 /* Dice_SwiftUITests.swift */; };
		5C72C30F2C0F311600005914 /* Dice_SwiftUIUITests.swift in Sources */ = {isa = PBXBuildFile; fileRef = 5C72C30E2C0F311600005914 /* Dice_SwiftUIUITests.swift */; };
		5C72C3112C0F311600005914 /* Dice_SwiftUIUITestsLaunchTests.swift in Sources */ = {isa = PBXBuildFile; fileRef = 5C72C3102C0F311600005914 /* Dice_SwiftUIUITestsLaunchTests.swift */; };
/* End PBXBuildFile section */

/* Begin PBXContainerItemProxy section */
		5C72C3012C0F311600005914 /* PBXContainerItemProxy */ = {
			isa = PBXContainerItemProxy;
			containerPortal = 5C72C2E82C0F311400005914 /* Project object */;
			proxyType = 1;
			remoteGlobalIDString = 5C72C2EF2C0F311400005914;
			remoteInfo = "Dice-SwiftUI";
		};
		5C72C30B2C0F311600005914 /* PBXContainerItemProxy */ = {
			isa = PBXContainerItemProxy;
			containerPortal = 5C72C2E82C0F311400005914 /* Project object */;
			proxyType = 1;
			remoteGlobalIDString = 5C72C2EF2C0F311400005914;
			remoteInfo = "Dice-SwiftUI";
		};
/* End PBXContainerItemProxy section */

/* Begin PBXFileReference section */
		5C72C2F02C0F311400005914 /* Dice-SwiftUI.app */ = {isa = PBXFileReference; explicitFileType = wrapper.application; includeInIndex = 0; path = "Dice-SwiftUI.app"; sourceTree = BUILT_PRODUCTS_DIR; };
		5C72C2F32C0F311400005914 /* Dice_SwiftUIApp.swift */ = {isa = PBXFileReference; lastKnownFileType = sourcecode.swift; path = Dice_SwiftUIApp.swift; sourceTree = "<group>"; };
		5C72C2F52C0F311400005914 /* ContentView.swift */ = {isa = PBXFileReference; lastKnownFileType = sourcecode.swift; path = ContentView.swift; sourceTree = "<group>"; };
		5C72C2F72C0F311600005914 /* Assets.xcassets */ = {isa = PBXFileReference; lastKnownFileType = folder.assetcatalog; path = Assets.xcassets; sourceTree = "<group>"; };
		5C72C2FA2C0F311600005914 /* Preview Assets.xcassets */ = {isa = PBXFileReference; lastKnownFileType = folder.assetcatalog; path = "Preview Assets.xcassets"; sourceTree = "<group>"; };
		5C72C3002C0F311600005914 /* Dice-SwiftUITests.xctest */ = {isa = PBXFileReference; explicitFileType = wrapper.cfbundle; includeInIndex = 0; path = "Dice-SwiftUITests.xctest"; sourceTree = BUILT_PRODUCTS_DIR; };
		5C72C3042C0F311600005914 /* Dice_SwiftUITests.swift */ = {isa = PBXFileReference; lastKnownFileType = sourcecode.swift; path = Dice_SwiftUITests.swift; sourceTree = "<group>"; };
		5C72C30A2C0F311600005914 /* Dice-SwiftUIUITests.xctest */ = {isa = PBXFileReference; explicitFileType = wrapper.cfbundle; includeInIndex = 0; path = "Dice-SwiftUIUITests.xctest"; sourceTree = BUILT_PRODUCTS_DIR; };
		5C72C30E2C0F311600005914 /* Dice_SwiftUIUITests.swift */ = {isa = PBXFileReference; lastKnownFileType = sourcecode.swift; path = Dice_SwiftUIUITests.swift; sourceTree = "<group>"; };
		5C72C3102C0F311600005914 /* Dice_SwiftUIUITestsLaunchTests.swift */ = {isa = PBXFileReference; lastKnownFileType = sourcecode.swift; path = Dice_SwiftUIUITestsLaunchTests.swift; sourceTree = "<group>"; };
/* End PBXFileReference section */

/* Begin PBXFrameworksBuildPhase section */
		5C72C2ED2C0F311400005914 /* Frameworks */ = {
			isa = PBXFrameworksBuildPhase;
			buildActionMask = 2147483647;
			files = (
			);
			runOnlyForDeploymentPostprocessing = 0;
		};
		5C72C2FD2C0F311600005914 /* Frameworks */ = {
			isa = PBXFrameworksBuildPhase;
			buildActionMask = 2147483647;
			files = (
			);
			runOnlyForDeploymentPostprocessing = 0;
		};
		5C72C3072C0F311600005914 /* Frameworks */ = {
			isa = PBXFrameworksBuildPhase;
			buildActionMask = 2147483647;
			files = (
			);
			runOnlyForDeploymentPostprocessing = 0;
		};
/* End PBXFrameworksBuildPhase section */

/* Begin PBXGroup section */
		5C72C2E72C0F311400005914 = {
			isa = PBXGroup;
			children = (
				5C72C2F22C0F311400005914 /* Dice-SwiftUI */,
				5C72C3032C0F311600005914 /* Dice-SwiftUITests */,
				5C72C30D2C0F311600005914 /* Dice-SwiftUIUITests */,
				5C72C2F12C0F311400005914 /* Products */,
			);
			sourceTree = "<group>";
		};
		5C72C2F12C0F311400005914 /* Products */ = {
			isa = PBXGroup;
			children = (
				5C72C2F02C0F311400005914 /* Dice-SwiftUI.app */,
				5C72C3002C0F311600005914 /* Dice-SwiftUITests.xctest */,
				5C72C30A2C0F311600005914 /* Dice-SwiftUIUITests.xctest */,
			);
			name = Products;
			sourceTree = "<group>";
		};
		5C72C2F22C0F311400005914 /* Dice-SwiftUI */ = {
			isa = PBXGroup;
			children = (
				5C72C2F32C0F311400005914 /* Dice_SwiftUIApp.swift */,
				5C72C2F52C0F311400005914 /* ContentView.swift */,
				5C72C2F72C0F311600005914 /* Assets.xcassets */,
				5C72C2F92C0F311600005914 /* Preview Content */,
			);
			path = "Dice-SwiftUI";
			sourceTree = "<group>";
		};
		5C72C2F92C0F311600005914 /* Preview Content */ = {
			isa = PBXGroup;
			children = (
				5C72C2FA2C0F311600005914 /* Preview Assets.xcassets */,
			);
			path = "Preview Content";
			sourceTree = "<group>";
		};
		5C72C3032C0F311600005914 /* Dice-SwiftUITests */ = {
			isa = PBXGroup;
			children = (
				5C72C3042C0F311600005914 /* Dice_SwiftUITests.swift */,
			);
			path = "Dice-SwiftUITests";
			sourceTree = "<group>";
		};
		5C72C30D2C0F311600005914 /* Dice-SwiftUIUITests */ = {
			isa = PBXGroup;
			children = (
				5C72C30E2C0F311600005914 /* Dice_SwiftUIUITests.swift */,
				5C72C3102C0F311600005914 /* Dice_SwiftUIUITestsLaunchTests.swift */,
			);
			path = "Dice-SwiftUIUITests";
			sourceTree = "<group>";
		};
/* End PBXGroup section */

/* Begin PBXNativeTarget section */
		5C72C2EF2C0F311400005914 /* Dice-SwiftUI */ = {
			isa = PBXNativeTarget;
			buildConfigurationList = 5C72C3142C0F311600005914 /* Build configuration list for PBXNativeTarget "Dice-SwiftUI" */;
			buildPhases = (
				5C72C2EC2C0F311400005914 /* Sources */,
				5C72C2ED2C0F311400005914 /* Frameworks */,
				5C72C2EE2C0F311400005914 /* Resources */,
			);
			buildRules = (
			);
			dependencies = (
			);
			name = "Dice-SwiftUI";
			productName = "Dice-SwiftUI";
			productReference = 5C72C2F02C0F311400005914 /* Dice-SwiftUI.app */;
			productType = "com.apple.product-type.application";
		};
		5C72C2FF2C0F311600005914 /* Dice-SwiftUITests */ = {
			isa = PBXNativeTarget;
			buildConfigurationList = 5C72C3172C0F311600005914 /* Build configuration list for PBXNativeTarget "Dice-SwiftUITests" */;
			buildPhases = (
				5C72C2FC2C0F311600005914 /* Sources */,
				5C72C2FD2C0F311600005914 /* Frameworks */,
				5C72C2FE2C0F311600005914 /* Resources */,
			);
			buildRules = (
			);
			dependencies = (
				5C72C3022C0F311600005914 /* PBXTargetDependency */,
			);
			name = "Dice-SwiftUITests";
			productName = "Dice-SwiftUITests";
			productReference = 5C72C3002C0F311600005914 /* Dice-SwiftUITests.xctest */;
			productType = "com.apple.product-type.bundle.unit-test";
		};
		5C72C3092C0F311600005914 /* Dice-SwiftUIUITests */ = {
			isa = PBXNativeTarget;
			buildConfigurationList = 5C72C31A2C0F311600005914 /* Build configuration list for PBXNativeTarget "Dice-SwiftUIUITests" */;
			buildPhases = (
				5C72C3062C0F311600005914 /* Sources */,
				5C72C3072C0F311600005914 /* Frameworks */,
				5C72C3082C0F311600005914 /* Resources */,
			);
			buildRules = (
			);
			dependencies = (
				5C72C30C2C0F311600005914 /* PBXTargetDependency */,
			);
			name = "Dice-SwiftUIUITests";
			productName = "Dice-SwiftUIUITests";
			productReference = 5C72C30A2C0F311600005914 /* Dice-SwiftUIUITests.xctest */;
			productType = "com.apple.product-type.bundle.ui-testing";
		};
/* End PBXNativeTarget section */

/* Begin PBXProject section */
		5C72C2E82C0F311400005914 /* Project object */ = {
			isa = PBXProject;
			attributes = {
				BuildIndependentTargetsInParallel = 1;
				LastSwiftUpdateCheck = 1510;
				LastUpgradeCheck = 1510;
				TargetAttributes = {
					5C72C2EF2C0F311400005914 = {
						CreatedOnToolsVersion = 15.1;
					};
					5C72C2FF2C0F311600005914 = {
						CreatedOnToolsVersion = 15.1;
						TestTargetID = 5C72C2EF2C0F311400005914;
					};
					5C72C3092C0F311600005914 = {
						CreatedOnToolsVersion = 15.1;
						TestTargetID = 5C72C2EF2C0F311400005914;
					};
				};
			};
			buildConfigurationList = 5C72C2EB2C0F311400005914 /* Build configuration list for PBXProject "Dice-SwiftUI" */;
			compatibilityVersion = "Xcode 14.0";
			developmentRegion = en;
			hasScannedForEncodings = 0;
			knownRegions = (
				en,
				Base,
			);
			mainGroup = 5C72C2E72C0F311400005914;
			productRefGroup = 5C72C2F12C0F311400005914 /* Products */;
			projectDirPath = "";
			projectRoot = "";
			targets = (
				5C72C2EF2C0F311400005914 /* Dice-SwiftUI */,
				5C72C2FF2C0F311600005914 /* Dice-SwiftUITests */,
				5C72C3092C0F311600005914 /* Dice-SwiftUIUITests */,
			);
		};
/* End PBXProject section */

/* Begin PBXResourcesBuildPhase section */
		5C72C2EE2C0F311400005914 /* Resources */ = {
			isa = PBXResourcesBuildPhase;
			buildActionMask = 2147483647;
			files = (
				5C72C2FB2C0F311600005914 /* Preview Assets.xcassets in Resources */,
				5C72C2F82C0F311600005914 /* Assets.xcassets in Resources */,
			);
			runOnlyForDeploymentPostprocessing = 0;
		};
		5C72C2FE2C0F311600005914 /* Resources */ = {
			isa = PBXResourcesBuildPhase;
			buildActionMask = 2147483647;
			files = (
			);
			runOnlyForDeploymentPostprocessing = 0;
		};
		5C72C3082C0F311600005914 /* Resources */ = {
			isa = PBXResourcesBuildPhase;
			buildActionMask = 2147483647;
			files = (
			);
			runOnlyForDeploymentPostprocessing = 0;
		};
/* End PBXResourcesBuildPhase section */

/* Begin PBXSourcesBuildPhase section */
		5C72C2EC2C0F311400005914 /* Sources */ = {
			isa = PBXSourcesBuildPhase;
			buildActionMask = 2147483647;
			files = (
				5C72C2F62C0F311400005914 /* ContentView.swift in Sources */,
				5C72C2F42C0F311400005914 /* Dice_SwiftUIApp.swift in Sources */,
			);
			runOnlyForDeploymentPostprocessing = 0;
		};
		5C72C2FC2C0F311600005914 /* Sources */ = {
			isa = PBXSourcesBuildPhase;
			buildActionMask = 2147483647;
			files = (
				5C72C3052C0F311600005914 /* Dice_SwiftUITests.swift in Sources */,
			);
			runOnlyForDeploymentPostprocessing = 0;
		};
		5C72C3062C0F311600005914 /* Sources */ = {
			isa = PBXSourcesBuildPhase;
			buildActionMask = 2147483647;
			files = (
				5C72C30F2C0F311600005914 /* Dice_SwiftUIUITests.swift in Sources */,
				5C72C3112C0F311600005914 /* Dice_SwiftUIUITestsLaunchTests.swift in Sources */,
			);
			runOnlyForDeploymentPostprocessing = 0;
		};
/* End PBXSourcesBuildPhase section */

/* Begin PBXTargetDependency section */
		5C72C3022C0F311600005914 /* PBXTargetDependency */ = {
			isa = PBXTargetDependency;
			target = 5C72C2EF2C0F311400005914 /* Dice-SwiftUI */;
			targetProxy = 5C72C3012C0F311600005914 /* PBXContainerItemProxy */;
		};
		5C72C30C2C0F311600005914 /* PBXTargetDependency */ = {
			isa = PBXTargetDependency;
			target = 5C72C2EF2C0F311400005914 /* Dice-SwiftUI */;
			targetProxy = 5C72C30B2C0F311600005914 /* PBXContainerItemProxy */;
		};
/* End PBXTargetDependency section */

/* Begin XCBuildConfiguration section */
		5C72C3122C0F311600005914 /* Debug */ = {
			isa = XCBuildConfiguration;
			buildSettings = {
				ALWAYS_SEARCH_USER_PATHS = NO;
				ASSETCATALOG_COMPILER_GENERATE_SWIFT_ASSET_SYMBOL_EXTENSIONS = YES;
				CLANG_ANALYZER_NONNULL = YES;
				CLANG_ANALYZER_NUMBER_OBJECT_CONVERSION = YES_AGGRESSIVE;
				CLANG_CXX_LANGUAGE_STANDARD = "gnu++20";
				CLANG_ENABLE_MODULES = YES;
				CLANG_ENABLE_OBJC_ARC = YES;
				CLANG_ENABLE_OBJC_WEAK = YES;
				CLANG_WARN_BLOCK_CAPTURE_AUTORELEASING = YES;
				CLANG_WARN_BOOL_CONVERSION = YES;
				CLANG_WARN_COMMA = YES;
				CLANG_WARN_CONSTANT_CONVERSION = YES;
				CLANG_WARN_DEPRECATED_OBJC_IMPLEMENTATIONS = YES;
				CLANG_WARN_DIRECT_OBJC_ISA_USAGE = YES_ERROR;
				CLANG_WARN_DOCUMENTATION_COMMENTS = YES;
				CLANG_WARN_EMPTY_BODY = YES;
				CLANG_WARN_ENUM_CONVERSION = YES;
				CLANG_WARN_INFINITE_RECURSION = YES;
				CLANG_WARN_INT_CONVERSION = YES;
				CLANG_WARN_NON_LITERAL_NULL_CONVERSION = YES;
				CLANG_WARN_OBJC_IMPLICIT_RETAIN_SELF = YES;
				CLANG_WARN_OBJC_LITERAL_CONVERSION = YES;
				CLANG_WARN_OBJC_ROOT_CLASS = YES_ERROR;
				CLANG_WARN_QUOTED_INCLUDE_IN_FRAMEWORK_HEADER = YES;
				CLANG_WARN_RANGE_LOOP_ANALYSIS = YES;
				CLANG_WARN_STRICT_PROTOTYPES = YES;
				CLANG_WARN_SUSPICIOUS_MOVE = YES;
				CLANG_WARN_UNGUARDED_AVAILABILITY = YES_AGGRESSIVE;
				CLANG_WARN_UNREACHABLE_CODE = YES;
				CLANG_WARN__DUPLICATE_METHOD_MATCH = YES;
				COPY_PHASE_STRIP = NO;
				DEBUG_INFORMATION_FORMAT = dwarf;
				ENABLE_STRICT_OBJC_MSGSEND = YES;
				ENABLE_TESTABILITY = YES;
				ENABLE_USER_SCRIPT_SANDBOXING = YES;
				GCC_C_LANGUAGE_STANDARD = gnu17;
				GCC_DYNAMIC_NO_PIC = NO;
				GCC_NO_COMMON_BLOCKS = YES;
				GCC_OPTIMIZATION_LEVEL = 0;
				GCC_PREPROCESSOR_DEFINITIONS = (
					"DEBUG=1",
					"$(inherited)",
				);
				GCC_WARN_64_TO_32_BIT_CONVERSION = YES;
				GCC_WARN_ABOUT_RETURN_TYPE = YES_ERROR;
				GCC_WARN_UNDECLARED_SELECTOR = YES;
				GCC_WARN_UNINITIALIZED_AUTOS = YES_AGGRESSIVE;
				GCC_WARN_UNUSED_FUNCTION = YES;
				GCC_WARN_UNUSED_VARIABLE = YES;
				IPHONEOS_DEPLOYMENT_TARGET = 17.2;
				LOCALIZATION_PREFERS_STRING_CATALOGS = YES;
				MTL_ENABLE_DEBUG_INFO = INCLUDE_SOURCE;
				MTL_FAST_MATH = YES;
				ONLY_ACTIVE_ARCH = YES;
				SDKROOT = iphoneos;
				SWIFT_ACTIVE_COMPILATION_CONDITIONS = "DEBUG $(inherited)";
				SWIFT_OPTIMIZATION_LEVEL = "-Onone";
			};
			name = Debug;
		};
		5C72C3132C0F311600005914 /* Release */ = {
			isa = XCBuildConfiguration;
			buildSettings = {
				ALWAYS_SEARCH_USER_PATHS = NO;
				ASSETCATALOG_COMPILER_GENERATE_SWIFT_ASSET_SYMBOL_EXTENSIONS = YES;
				CLANG_ANALYZER_NONNULL = YES;
				CLANG_ANALYZER_NUMBER_OBJECT_CONVERSION = YES_AGGRESSIVE;
				CLANG_CXX_LANGUAGE_STANDARD = "gnu++20";
				CLANG_ENABLE_MODULES = YES;
				CLANG_ENABLE_OBJC_ARC = YES;
				CLANG_ENABLE_OBJC_WEAK = YES;
				CLANG_WARN_BLOCK_CAPTURE_AUTORELEASING = YES;
				CLANG_WARN_BOOL_CONVERSION = YES;
				CLANG_WARN_COMMA = YES;
				CLANG_WARN_CONSTANT_CONVERSION = YES;
				CLANG_WARN_DEPRECATED_OBJC_IMPLEMENTATIONS = YES;
				CLANG_WARN_DIRECT_OBJC_ISA_USAGE = YES_ERROR;
				CLANG_WARN_DOCUMENTATION_COMMENTS = YES;
				CLANG_WARN_EMPTY_BODY = YES;
				CLANG_WARN_ENUM_CONVERSION = YES;
				CLANG_WARN_INFINITE_RECURSION = YES;
				CLANG_WARN_INT_CONVERSION = YES;
				CLANG_WARN_NON_LITERAL_NULL_CONVERSION = YES;
				CLANG_WARN_OBJC_IMPLICIT_RETAIN_SELF = YES;
				CLANG_WARN_OBJC_LITERAL_CONVERSION = YES;
				CLANG_WARN_OBJC_ROOT_CLASS = YES_ERROR;
				CLANG_WARN_QUOTED_INCLUDE_IN_FRAMEWORK_HEADER = YES;
				CLANG_WARN_RANGE_LOOP_ANALYSIS = YES;
				CLANG_WARN_STRICT_PROTOTYPES = YES;
				CLANG_WARN_SUSPICIOUS_MOVE = YES;
				CLANG_WARN_UNGUARDED_AVAILABILITY = YES_AGGRESSIVE;
				CLANG_WARN_UNREACHABLE_CODE = YES;
				CLANG_WARN__DUPLICATE_METHOD_MATCH = YES;
				COPY_PHASE_STRIP = NO;
				DEBUG_INFORMATION_FORMAT = "dwarf-with-dsym";
				ENABLE_NS_ASSERTIONS = NO;
				ENABLE_STRICT_OBJC_MSGSEND = YES;
				ENABLE_USER_SCRIPT_SANDBOXING = YES;
				GCC_C_LANGUAGE_STANDARD = gnu17;
				GCC_NO_COMMON_BLOCKS = YES;
				GCC_WARN_64_TO_32_BIT_CONVERSION = YES;
				GCC_WARN_ABOUT_RETURN_TYPE = YES_ERROR;
				GCC_WARN_UNDECLARED_SELECTOR = YES;
				GCC_WARN_UNINITIALIZED_AUTOS = YES_AGGRESSIVE;
				GCC_WARN_UNUSED_FUNCTION = YES;
				GCC_WARN_UNUSED_VARIABLE = YES;
				IPHONEOS_DEPLOYMENT_TARGET = 17.2;
				LOCALIZATION_PREFERS_STRING_CATALOGS = YES;
				MTL_ENABLE_DEBUG_INFO = NO;
				MTL_FAST_MATH = YES;
				SDKROOT = iphoneos;
				SWIFT_COMPILATION_MODE = wholemodule;
				VALIDATE_PRODUCT = YES;
			};
			name = Release;
		};
		5C72C3152C0F311600005914 /* Debug */ = {
			isa = XCBuildConfiguration;
			buildSettings = {
				ASSETCATALOG_COMPILER_APPICON_NAME = AppIcon;
				ASSETCATALOG_COMPILER_GLOBAL_ACCENT_COLOR_NAME = AccentColor;
				CODE_SIGN_STYLE = Automatic;
				CURRENT_PROJECT_VERSION = 1;
				DEVELOPMENT_ASSET_PATHS = "\"Dice-SwiftUI/Preview Content\"";
				DEVELOPMENT_TEAM = RQB2332XHJ;
				ENABLE_PREVIEWS = YES;
				GENERATE_INFOPLIST_FILE = YES;
				INFOPLIST_KEY_UIApplicationSceneManifest_Generation = YES;
				INFOPLIST_KEY_UIApplicationSupportsIndirectInputEvents = YES;
				INFOPLIST_KEY_UILaunchScreen_Generation = YES;
				INFOPLIST_KEY_UISupportedInterfaceOrientations_iPad = "UIInterfaceOrientationPortrait UIInterfaceOrientationPortraitUpsideDown UIInterfaceOrientationLandscapeLeft UIInterfaceOrientationLandscapeRight";
				INFOPLIST_KEY_UISupportedInterfaceOrientations_iPhone = "UIInterfaceOrientationPortrait UIInterfaceOrientationLandscapeLeft UIInterfaceOrientationLandscapeRight";
				LD_RUNPATH_SEARCH_PATHS = (
					"$(inherited)",
					"@executable_path/Frameworks",
				);
				MARKETING_VERSION = 1.0;
				PRODUCT_BUNDLE_IDENTIFIER = "com.jaiswal.Dice-SwiftUI";
				PRODUCT_NAME = "$(TARGET_NAME)";
				SWIFT_EMIT_LOC_STRINGS = YES;
				SWIFT_VERSION = 5.0;
				TARGETED_DEVICE_FAMILY = "1,2";
			};
			name = Debug;
		};
		5C72C3162C0F311600005914 /* Release */ = {
			isa = XCBuildConfiguration;
			buildSettings = {
				ASSETCATALOG_COMPILER_APPICON_NAME = AppIcon;
				ASSETCATALOG_COMPILER_GLOBAL_ACCENT_COLOR_NAME = AccentColor;
				CODE_SIGN_STYLE = Automatic;
				CURRENT_PROJECT_VERSION = 1;
				DEVELOPMENT_ASSET_PATHS = "\"Dice-SwiftUI/Preview Content\"";
				DEVELOPMENT_TEAM = RQB2332XHJ;
				ENABLE_PREVIEWS = YES;
				GENERATE_INFOPLIST_FILE = YES;
				INFOPLIST_KEY_UIApplicationSceneManifest_Generation = YES;
				INFOPLIST_KEY_UIApplicationSupportsIndirectInputEvents = YES;
				INFOPLIST_KEY_UILaunchScreen_Generation = YES;
				INFOPLIST_KEY_UISupportedInterfaceOrientations_iPad = "UIInterfaceOrientationPortrait UIInterfaceOrientationPortraitUpsideDown UIInterfaceOrientationLandscapeLeft UIInterfaceOrientationLandscapeRight";
				INFOPLIST_KEY_UISupportedInterfaceOrientations_iPhone = "UIInterfaceOrientationPortrait UIInterfaceOrientationLandscapeLeft UIInterfaceOrientationLandscapeRight";
				LD_RUNPATH_SEARCH_PATHS = (
					"$(inherited)",
					"@executable_path/Frameworks",
				);
				MARKETING_VERSION = 1.0;
				PRODUCT_BUNDLE_IDENTIFIER = "com.jaiswal.Dice-SwiftUI";
				PRODUCT_NAME = "$(TARGET_NAME)";
				SWIFT_EMIT_LOC_STRINGS = YES;
				SWIFT_VERSION = 5.0;
				TARGETED_DEVICE_FAMILY = "1,2";
			};
			name = Release;
		};
		5C72C3182C0F311600005914 /* Debug */ = {
			isa = XCBuildConfiguration;
			buildSettings = {
				ALWAYS_EMBED_SWIFT_STANDARD_LIBRARIES = YES;
				BUNDLE_LOADER = "$(TEST_HOST)";
				CODE_SIGN_STYLE = Automatic;
				CURRENT_PROJECT_VERSION = 1;
				DEVELOPMENT_TEAM = RQB2332XHJ;
				GENERATE_INFOPLIST_FILE = YES;
				IPHONEOS_DEPLOYMENT_TARGET = 17.2;
				MARKETING_VERSION = 1.0;
				PRODUCT_BUNDLE_IDENTIFIER = "com.jaiswal.Dice-SwiftUITests";
				PRODUCT_NAME = "$(TARGET_NAME)";
				SWIFT_EMIT_LOC_STRINGS = NO;
				SWIFT_VERSION = 5.0;
				TARGETED_DEVICE_FAMILY = "1,2";
				TEST_HOST = "$(BUILT_PRODUCTS_DIR)/Dice-SwiftUI.app/$(BUNDLE_EXECUTABLE_FOLDER_PATH)/Dice-SwiftUI";
			};
			name = Debug;
		};
		5C72C3192C0F311600005914 /* Release */ = {
			isa = XCBuildConfiguration;
			buildSettings = {
				ALWAYS_EMBED_SWIFT_STANDARD_LIBRARIES = YES;
				BUNDLE_LOADER = "$(TEST_HOST)";
				CODE_SIGN_STYLE = Automatic;
				CURRENT_PROJECT_VERSION = 1;
				DEVELOPMENT_TEAM = RQB2332XHJ;
				GENERATE_INFOPLIST_FILE = YES;
				IPHONEOS_DEPLOYMENT_TARGET = 17.2;
				MARKETING_VERSION = 1.0;
				PRODUCT_BUNDLE_IDENTIFIER = "com.jaiswal.Dice-SwiftUITests";
				PRODUCT_NAME = "$(TARGET_NAME)";
				SWIFT_EMIT_LOC_STRINGS = NO;
				SWIFT_VERSION = 5.0;
				TARGETED_DEVICE_FAMILY = "1,2";
				TEST_HOST = "$(BUILT_PRODUCTS_DIR)/Dice-SwiftUI.app/$(BUNDLE_EXECUTABLE_FOLDER_PATH)/Dice-SwiftUI";
			};
			name = Release;
		};
		5C72C31B2C0F311600005914 /* Debug */ = {
			isa = XCBuildConfiguration;
			buildSettings = {
				ALWAYS_EMBED_SWIFT_STANDARD_LIBRARIES = YES;
				CODE_SIGN_STYLE = Automatic;
				CURRENT_PROJECT_VERSION = 1;
				DEVELOPMENT_TEAM = RQB2332XHJ;
				GENERATE_INFOPLIST_FILE = YES;
				MARKETING_VERSION = 1.0;
				PRODUCT_BUNDLE_IDENTIFIER = "com.jaiswal.Dice-SwiftUIUITests";
				PRODUCT_NAME = "$(TARGET_NAME)";
				SWIFT_EMIT_LOC_STRINGS = NO;
				SWIFT_VERSION = 5.0;
				TARGETED_DEVICE_FAMILY = "1,2";
				TEST_TARGET_NAME = "Dice-SwiftUI";
			};
			name = Debug;
		};
		5C72C31C2C0F311600005914 /* Release */ = {
			isa = XCBuildConfiguration;
			buildSettings = {
				ALWAYS_EMBED_SWIFT_STANDARD_LIBRARIES = YES;
				CODE_SIGN_STYLE = Automatic;
				CURRENT_PROJECT_VERSION = 1;
				DEVELOPMENT_TEAM = RQB2332XHJ;
				GENERATE_INFOPLIST_FILE = YES;
				MARKETING_VERSION = 1.0;
				PRODUCT_BUNDLE_IDENTIFIER = "com.jaiswal.Dice-SwiftUIUITests";
				PRODUCT_NAME = "$(TARGET_NAME)";
				SWIFT_EMIT_LOC_STRINGS = NO;
				SWIFT_VERSION = 5.0;
				TARGETED_DEVICE_FAMILY = "1,2";
				TEST_TARGET_NAME = "Dice-SwiftUI";
			};
			name = Release;
		};
/* End XCBuildConfiguration section */

/* Begin XCConfigurationList section */
		5C72C2EB2C0F311400005914 /* Build configuration list for PBXProject "Dice-SwiftUI" */ = {
			isa = XCConfigurationList;
			buildConfigurations = (
				5C72C3122C0F311600005914 /* Debug */,
				5C72C3132C0F311600005914 /* Release */,
			);
			defaultConfigurationIsVisible = 0;
			defaultConfigurationName = Release;
		};
		5C72C3142C0F311600005914 /* Build configuration list for PBXNativeTarget "Dice-SwiftUI" */ = {
			isa = XCConfigurationList;
			buildConfigurations = (
				5C72C3152C0F311600005914 /* Debug */,
				5C72C3162C0F311600005914 /* Release */,
			);
			defaultConfigurationIsVisible = 0;
			defaultConfigurationName = Release;
		};
		5C72C3172C0F311600005914 /* Build configuration list for PBXNativeTarget "Dice-SwiftUITests" */ = {
			isa = XCConfigurationList;
			buildConfigurations = (
				5C72C3182C0F311600005914 /* Debug */,
				5C72C3192C0F311600005914 /* Release */,
			);
			defaultConfigurationIsVisible = 0;
			defaultConfigurationName = Release;
		};
		5C72C31A2C0F311600005914 /* Build configuration list for PBXNativeTarget "Dice-SwiftUIUITests" */ = {
			isa = XCConfigurationList;
			buildConfigurations = (
				5C72C31B2C0F311600005914 /* Debug */,
				5C72C31C2C0F311600005914 /* Release */,
			);
			defaultConfigurationIsVisible = 0;
			defaultConfigurationName = Release;
		};
/* End XCConfigurationList section */
	};
	rootObject = 5C72C2E82C0F311400005914 /* Project object */;
}
